
Microsoft Visual Studio Solution File, Format Version 12.00
# Visual Studio 15
VisualStudioVersion = 15.0.28010.2041
MinimumVisualStudioVersion = 10.0.40219.1
Project("{FAE04EC0-301F-11D3-BF4B-00C04F79EFBC}") = "C_2_4_3", "C_2_4\C_2_4_3.csproj", "{C05DCE72-43C8-4A1A-86DF-7197B289A6AB}"
EndProject
Project("{FAE04EC0-301F-11D3-BF4B-00C04F79EFBC}") = "C_2_4_2", "C_2_4_2\C_2_4_2.csproj", "{A4D3D0F3-47C9-4B15-8810-E7265430A206}"
EndProject
Global
	GlobalSection(SolutionConfigurationPlatforms) = preSolution
		Debug|Any CPU = Debug|Any CPU
		Release|Any CPU = Release|Any CPU
	EndGlobalSection
	GlobalSection(ProjectConfigurationPlatforms) = postSolution
		{C05DCE72-43C8-4A1A-86DF-7197B289A6AB}.Debug|Any CPU.ActiveCfg = Debug|Any CPU
		{C05DCE72-43C8-4A1A-86DF-7197B289A6AB}.Debug|Any CPU.Build.0 = Debug|Any CPU
		{C05DCE72-43C8-4A1A-86DF-7197B289A6AB}.Release|Any CPU.ActiveCfg = Release|Any CPU
		{C05DCE72-43C8-4A1A-86DF-7197B289A6AB}.Release|Any CPU.Build.0 = Release|Any CPU
		{A4D3D0F3-47C9-4B15-8810-E7265430A206}.Debug|Any CPU.ActiveCfg = Debug|Any CPU
		{A4D3D0F3-47C9-4B15-8810-E7265430A206}.Debug|Any CPU.Build.0 = Debug|Any CPU
		{A4D3D0F3-47C9-4B15-8810-E7265430A206}.Release|Any CPU.ActiveCfg = Release|Any CPU
		{A4D3D0F3-47C9-4B15-8810-E7265430A206}.Release|Any CPU.Build.0 = Release|Any CPU
	EndGlobalSection
	GlobalSection(SolutionProperties) = preSolution
		HideSolutionNode = FALSE
	EndGlobalSection
	GlobalSection(ExtensibilityGlobals) = postSolution
		SolutionGuid = {94FCA5A3-62D6-4CA2-BEF4-0551A72F5A9E}
	EndGlobalSection
EndGlobal
